
Microsoft Visual Studio Solution File, Format Version 12.00
# Visual Studio Version 17
VisualStudioVersion = 17.8.34330.188
MinimumVisualStudioVersion = 10.0.40219.1
Project("{8BC9CEB8-8B4A-11D0-8D11-00A0C91BC942}") = "lotus-interpreter", "lotus-interpreter\lotus-interpreter.vcxproj", "{0D769E09-87B9-42D9-880B-9AC792F147F4}"
EndProject
Project("{8BC9CEB8-8B4A-11D0-8D11-00A0C91BC942}") = "lotus-interpreter-tests", "..\tests\lotus-interpreter-tests\lotus-interpreter-tests.vcxproj", "{58BCC47F-CEE8-4B29-83C3-0B2A6E40C2AD}"
EndProject
Global
	GlobalSection(SolutionConfigurationPlatforms) = preSolution
		Debug|x64 = Debug|x64
		Debug|x86 = Debug|x86
		Release|x64 = Release|x64
		Release|x86 = Release|x86
	EndGlobalSection
	GlobalSection(ProjectConfigurationPlatforms) = postSolution
		{0D769E09-87B9-42D9-880B-9AC792F147F4}.Debug|x64.ActiveCfg = Debug|x64
		{0D769E09-87B9-42D9-880B-9AC792F147F4}.Debug|x64.Build.0 = Debug|x64
		{0D769E09-87B9-42D9-880B-9AC792F147F4}.Debug|x86.ActiveCfg = Debug|Win32
		{0D769E09-87B9-42D9-880B-9AC792F147F4}.Debug|x86.Build.0 = Debug|Win32
		{0D769E09-87B9-42D9-880B-9AC792F147F4}.Release|x64.ActiveCfg = Release|x64
		{0D769E09-87B9-42D9-880B-9AC792F147F4}.Release|x64.Build.0 = Release|x64
		{0D769E09-87B9-42D9-880B-9AC792F147F4}.Release|x86.ActiveCfg = Release|Win32
		{0D769E09-87B9-42D9-880B-9AC792F147F4}.Release|x86.Build.0 = Release|Win32
		{58BCC47F-CEE8-4B29-83C3-0B2A6E40C2AD}.Debug|x64.ActiveCfg = Debug|x64
		{58BCC47F-CEE8-4B29-83C3-0B2A6E40C2AD}.Debug|x64.Build.0 = Debug|x64
		{58BCC47F-CEE8-4B29-83C3-0B2A6E40C2AD}.Debug|x86.ActiveCfg = Debug|Win32
		{58BCC47F-CEE8-4B29-83C3-0B2A6E40C2AD}.Debug|x86.Build.0 = Debug|Win32
		{58BCC47F-CEE8-4B29-83C3-0B2A6E40C2AD}.Release|x64.ActiveCfg = Debug|x64
		{58BCC47F-CEE8-4B29-83C3-0B2A6E40C2AD}.Release|x86.ActiveCfg = Debug|Win32
	EndGlobalSection
	GlobalSection(SolutionProperties) = preSolution
		HideSolutionNode = FALSE
	EndGlobalSection
	GlobalSection(ExtensibilityGlobals) = postSolution
		SolutionGuid = {68207E46-BE25-4F7A-9CB8-64E64536CBD5}
	EndGlobalSection
EndGlobal
